# This file is autogenerated, do not edit; changes may be undone by the next 'dep ensure'.


[[projects]]
  branch = "2.x"
  name = "github.com/Masterminds/semver"
  packages = ["."]
  revision = "c2e7f6c2f49a1613362aa774884c17e395dd85b7"

[[projects]]
  name = "github.com/Microsoft/go-winio"
  packages = ["."]
  revision = "fff283ad5116362ca252298cfc9b95828956d85d"
  version = "v0.3.8"

[[projects]]
  name = "github.com/Sirupsen/logrus"
  packages = ["."]
  revision = "7f4b1adc791766938c29457bed0703fb9134421a"

[[projects]]
  name = "github.com/codegangsta/cli"
  packages = ["."]
  revision = "2526b57c56f30b50466c96c4133b1a4ad0f0191f"
  version = "v1.19.1"

[[projects]]
  name = "github.com/davecgh/go-spew"
  packages = ["spew"]
  revision = "6d212800a42e8ab5c146b8ace3490ee17e5225f9"

[[projects]]
  name = "github.com/docker/distribution"
  packages = ["digestset","reference"]
  revision = "4f87c800734ffe0d8931e45679112aea36f8b5ec"

[[projects]]
  name = "github.com/docker/docker"
  packages = ["api/types","api/types/blkiodev","api/types/container","api/types/events","api/types/filters","api/types/mount","api/types/network","api/types/reference","api/types/registry","api/types/strslice","api/types/swarm","api/types/time","api/types/versions","api/types/volume","client","pkg/tlsconfig"]
  revision = "092cba3727bb9b4a2f0e922cd6c0f93ea270e363"
  version = "v1.13.1"

[[projects]]
  name = "github.com/docker/go-connections"
  packages = ["nat","sockets","tlsconfig"]
  revision = "7da10c8c50cad14494ec818dcdfb6506265c0086"

[[projects]]
  branch = "master"
  name = "github.com/docker/go-units"
  packages = ["."]
  revision = "0dadbb0345b35ec7ef35e228dabb8de89a65bf52"

[[projects]]
  name = "github.com/fatih/color"
  packages = ["."]
  revision = "5ec5d9d3c2cf82e9688b34e9bc27a94d616a7193"
  version = "v1.5.0"

[[projects]]
  name = "github.com/golang/protobuf"
  packages = ["proto"]
  revision = "8ee79997227bf9b34611aee7946ae64735e6fd93"

[[projects]]
  name = "github.com/google/go-github"
  packages = ["github"]
  revision = "1c08387e4c91df86627d0853f155a4efc8cb8a2d"

[[projects]]
  branch = "master"
  name = "github.com/google/go-querystring"
  packages = ["query"]
  revision = "53e6ce116135b80d037921a7fdd5138cf32d7a8a"

[[projects]]
  name = "github.com/mattn/go-colorable"
  packages = ["."]
  revision = "5411d3eea5978e6cdc258b30de592b60df6aba96"

[[projects]]
  name = "github.com/mattn/go-isatty"
  packages = ["."]
  revision = "281032e84ae07510239465db46bf442aa44b953a"

[[projects]]
  name = "github.com/opencontainers/go-digest"
  packages = ["."]
  revision = "aa2ec055abd10d26d539eb630a92241b781ce4bc"
  version = "v1.0.0-rc0"

[[projects]]
  branch = "master"
  name = "github.com/pivotal-golang/archiver"
  packages = ["extractor"]
  revision = "59f15fd17404dceccb25d8b62df1271035b707a5"

[[projects]]
  name = "github.com/pkg/errors"
  packages = ["."]
  revision = "248dadf4e9068a0b3e79f02ed0a610d935de5302"

[[projects]]
  name = "github.com/pmezard/go-difflib"
  packages = ["difflib"]
  revision = "d8ed2627bdf02c080bf22230dbb337003b7aba2d"

[[projects]]
  name = "github.com/ryanuber/go-glob"
  packages = ["."]
  revision = "256dc444b735e061061cf46c809487313d5b0065"
  version = "v0.1"

[[projects]]
  name = "github.com/stretchr/testify"
  packages = ["assert"]
  revision = "69483b4bd14f5845b5a1e55bca19e954e827f1d0"
  version = "v1.1.4"

[[projects]]
  name = "golang.org/x/net"
  packages = ["context","context/ctxhttp","proxy"]
  revision = "b4690f45fa1cafc47b1c280c2e75116efe40cc13"

[[projects]]
  branch = "master"
  name = "golang.org/x/oauth2"
  packages = [".","internal"]
  revision = "b9780ec78894ab900c062d58ee3076cd9b2a4501"

[[projects]]
  name = "golang.org/x/sys"
  packages = ["unix","windows"]
  revision = "e24f485414aeafb646f6fca458b0bf869c0880a1"

[[projects]]
  name = "google.golang.org/appengine"
  packages = ["internal","internal/base","internal/datastore","internal/log","internal/remote_api","internal/urlfetch","urlfetch"]
  revision = "2e4a801b39fc199db615bfca7d0b9f8cd9580599"

[solve-meta]
  analyzer-name = "dep"
  analyzer-version = 1
  inputs-digest = "73b93048f02cd027ec4cdc288e714a986701be6e9ab57cb2df588d627b523179"
  solver-name = "gps-cdcl"
  solver-version = 1
